
Microsoft Visual Studio Solution File, Format Version 12.00
# Visual Studio Version 17
VisualStudioVersion = 17.5.33530.505
MinimumVisualStudioVersion = 10.0.40219.1
Project("{FAE04EC0-301F-11D3-BF4B-00C04F79EFBC}") = "NewsLetterExercise.Core", "NewsLetterExercise.Core\NewsLetterExercise.Core.csproj", "{7935D455-72A4-4CA7-B45F-EB7EAB2DB42F}"
EndProject
Global
	GlobalSection(SolutionConfigurationPlatforms) = preSolution
		Debug|Any CPU = Debug|Any CPU
		Release|Any CPU = Release|Any CPU
	EndGlobalSection
	GlobalSection(ProjectConfigurationPlatforms) = postSolution
		{7935D455-72A4-4CA7-B45F-EB7EAB2DB42F}.Debug|Any CPU.ActiveCfg = Debug|Any CPU
		{7935D455-72A4-4CA7-B45F-EB7EAB2DB42F}.Debug|Any CPU.Build.0 = Debug|Any CPU
		{7935D455-72A4-4CA7-B45F-EB7EAB2DB42F}.Release|Any CPU.ActiveCfg = Release|Any CPU
		{7935D455-72A4-4CA7-B45F-EB7EAB2DB42F}.Release|Any CPU.Build.0 = Release|Any CPU
	EndGlobalSection
	GlobalSection(SolutionProperties) = preSolution
		HideSolutionNode = FALSE
	EndGlobalSection
	GlobalSection(ExtensibilityGlobals) = postSolution
		SolutionGuid = {46407FE7-818F-4800-8BB7-17B5001F7083}
	EndGlobalSection
EndGlobal
