
Microsoft Visual Studio Solution File, Format Version 12.00
# Visual Studio Version 17
VisualStudioVersion = 17.5.33530.505
MinimumVisualStudioVersion = 10.0.40219.1
Project("{9A19103F-16F7-4668-BE54-9A1E7A4F7556}") = "NewsLetterExercise.Core", "NewsLetterExercise.Core\NewsLetterExercise.Core.csproj", "{7935D455-72A4-4CA7-B45F-EB7EAB2DB42F}"
EndProject
Project("{2150E333-8FDC-42A3-9474-1A3956D46DE8}") = "02 Core", "02 Core", "{2494EFE3-4457-4932-9B38-474278F327D0}"
EndProject
Project("{2150E333-8FDC-42A3-9474-1A3956D46DE8}") = "03 Test", "03 Test", "{FA411B54-DD41-42F5-8512-39949CA74A50}"
EndProject
Project("{2150E333-8FDC-42A3-9474-1A3956D46DE8}") = "01 Infrastructure", "01 Infrastructure", "{3D57F519-E266-4A2F-A7FF-7DF406157390}"
EndProject
Project("{FAE04EC0-301F-11D3-BF4B-00C04F79EFBC}") = "NewsLetterExercise.UnitTest", "NewsLetterExercise.UnitTest\NewsLetterExercise.UnitTest.csproj", "{D0B5A255-39DA-45F0-81DF-6878925969AF}"
EndProject
Global
	GlobalSection(SolutionConfigurationPlatforms) = preSolution
		Debug|Any CPU = Debug|Any CPU
		Release|Any CPU = Release|Any CPU
	EndGlobalSection
	GlobalSection(ProjectConfigurationPlatforms) = postSolution
		{7935D455-72A4-4CA7-B45F-EB7EAB2DB42F}.Debug|Any CPU.ActiveCfg = Debug|Any CPU
		{7935D455-72A4-4CA7-B45F-EB7EAB2DB42F}.Debug|Any CPU.Build.0 = Debug|Any CPU
		{7935D455-72A4-4CA7-B45F-EB7EAB2DB42F}.Release|Any CPU.ActiveCfg = Release|Any CPU
		{7935D455-72A4-4CA7-B45F-EB7EAB2DB42F}.Release|Any CPU.Build.0 = Release|Any CPU
		{D0B5A255-39DA-45F0-81DF-6878925969AF}.Debug|Any CPU.ActiveCfg = Debug|Any CPU
		{D0B5A255-39DA-45F0-81DF-6878925969AF}.Debug|Any CPU.Build.0 = Debug|Any CPU
		{D0B5A255-39DA-45F0-81DF-6878925969AF}.Release|Any CPU.ActiveCfg = Release|Any CPU
		{D0B5A255-39DA-45F0-81DF-6878925969AF}.Release|Any CPU.Build.0 = Release|Any CPU
	EndGlobalSection
	GlobalSection(SolutionProperties) = preSolution
		HideSolutionNode = FALSE
	EndGlobalSection
	GlobalSection(NestedProjects) = preSolution
		{7935D455-72A4-4CA7-B45F-EB7EAB2DB42F} = {2494EFE3-4457-4932-9B38-474278F327D0}
		{D0B5A255-39DA-45F0-81DF-6878925969AF} = {FA411B54-DD41-42F5-8512-39949CA74A50}
	EndGlobalSection
	GlobalSection(ExtensibilityGlobals) = postSolution
		SolutionGuid = {46407FE7-818F-4800-8BB7-17B5001F7083}
	EndGlobalSection
EndGlobal
